
Microsoft Visual Studio Solution File, Format Version 12.00
# Visual Studio Version 16
VisualStudioVersion = 16.0.29613.14
MinimumVisualStudioVersion = 10.0.40219.1
Project("{FAE04EC0-301F-11D3-BF4B-00C04F79EFBC}") = "My-Vidly", "My-Vidly\My-Vidly.csproj", "{EE02C75D-D46D-48C6-A45D-D3267279E13D}"
EndProject
Global
	GlobalSection(SolutionConfigurationPlatforms) = preSolution
		Debug|Any CPU = Debug|Any CPU
		Release|Any CPU = Release|Any CPU
		Teating|Any CPU = Teating|Any CPU
	EndGlobalSection
	GlobalSection(ProjectConfigurationPlatforms) = postSolution
		{EE02C75D-D46D-48C6-A45D-D3267279E13D}.Debug|Any CPU.ActiveCfg = Debug|Any CPU
		{EE02C75D-D46D-48C6-A45D-D3267279E13D}.Debug|Any CPU.Build.0 = Debug|Any CPU
		{EE02C75D-D46D-48C6-A45D-D3267279E13D}.Release|Any CPU.ActiveCfg = Release|Any CPU
		{EE02C75D-D46D-48C6-A45D-D3267279E13D}.Release|Any CPU.Build.0 = Release|Any CPU
		{EE02C75D-D46D-48C6-A45D-D3267279E13D}.Teating|Any CPU.ActiveCfg = Teating|Any CPU
		{EE02C75D-D46D-48C6-A45D-D3267279E13D}.Teating|Any CPU.Build.0 = Teating|Any CPU
	EndGlobalSection
	GlobalSection(SolutionProperties) = preSolution
		HideSolutionNode = FALSE
	EndGlobalSection
	GlobalSection(ExtensibilityGlobals) = postSolution
		SolutionGuid = {CC48F34A-1749-43C4-A4BB-9BA4CCDE13A5}
	EndGlobalSection
EndGlobal
